# Code generated by scarb DO NOT EDIT.
version = 1

[[package]]
name = "achievement"
version = "0.0.0"
source = "git+https://github.com/cartridge-gg/arcade?rev=fc2e81c#fc2e81c8d4cee706bb26cb2396d941fd0657c277"
dependencies = [
 "dojo",
 "graffiti",
]

[[package]]
name = "alexandria_bytes"
version = "0.7.0"
source = "registry+https://scarbs.xyz/"
checksum = "sha256:1ebc31b29ba196bd6ec70cfa487561f39a1ff9043f97319f302b2083e132284e"
dependencies = [
 "alexandria_data_structures",
 "alexandria_math",
]

[[package]]
name = "alexandria_data_structures"
version = "0.7.0"
source = "registry+https://scarbs.xyz/"
checksum = "sha256:7af20f90c16e71aa2d4b176d37b792eccf798e09b8c3ef370a68766f2db4824f"

[[package]]
name = "alexandria_encoding"
version = "0.7.0"
source = "registry+https://scarbs.xyz/"
checksum = "sha256:6effe1616f1b697d8f03979c936c948e76d20c2869aceecf980eab65a640117b"
dependencies = [
 "alexandria_bytes",
 "alexandria_data_structures",
 "alexandria_math",
 "alexandria_numeric",
]

[[package]]
name = "alexandria_math"
version = "0.7.0"
source = "registry+https://scarbs.xyz/"
checksum = "sha256:2f634a878ad20377041649f0c63ffff8d7f01fe578e3666371dfb15d243b6822"

[[package]]
name = "alexandria_merkle_tree"
version = "0.7.0"
source = "registry+https://scarbs.xyz/"
checksum = "sha256:de691731e447bc52ad21d73ba0b70349d3f3ffbc3bd0bfc8eae8fef89baf7681"
dependencies = [
 "alexandria_math",
]

[[package]]
name = "alexandria_numeric"
version = "0.7.0"
source = "registry+https://scarbs.xyz/"
checksum = "sha256:4208af0eeabc7eabdc53c440a58fdaf2ce8ff08de4a38f5368a0c992fdad30e4"
dependencies = [
 "alexandria_math",
 "alexandria_searching",
]

[[package]]
name = "alexandria_searching"
version = "0.7.0"
source = "registry+https://scarbs.xyz/"
checksum = "sha256:05f3f305b142a0160e5686c364d947ee60ff685ad15985dbdba8cf5ca7f308cd"
dependencies = [
 "alexandria_data_structures",
]

[[package]]
name = "bundle"
version = "0.0.0"
source = "git+https://github.com/cartridge-gg/arcade?rev=fc2e81c#fc2e81c8d4cee706bb26cb2396d941fd0657c277"
dependencies = [
 "dojo",
 "graffiti",
 "openzeppelin",
]

[[package]]
name = "collection"
version = "0.0.0"
source = "git+https://github.com/cartridge-gg/arcade?rev=fc2e81c#fc2e81c8d4cee706bb26cb2396d941fd0657c277"
dependencies = [
 "graffiti",
 "openzeppelin",
]

[[package]]
name = "dojo"
version = "1.8.0"
source = "registry+https://scarbs.xyz/"
checksum = "sha256:a9c35305a81e68a49de85b8f07c1f8a93e27492c6b16c304d1f7961dcd5d350f"
dependencies = [
 "dojo_cairo_macros",
]

[[package]]
name = "dojo_cairo_macros"
version = "1.8.0"
source = "registry+https://scarbs.xyz/"
checksum = "sha256:c4aa04037a0c5029b05b78229dae22bf02269b9912e8a8c12f8af34aa6b72051"

[[package]]
name = "dojo_cairo_test"
version = "1.8.0"
source = "registry+https://scarbs.xyz/"
checksum = "sha256:0cab4c86390b6ee9c3969b82d27f46ecd7f14e686b9868528506103944638465"
dependencies = [
 "dojo",
]

[[package]]
name = "ekubo"
version = "0.1.0"
source = "git+https://github.com/EkuboProtocol/starknet-contracts?rev=cf2e95f#cf2e95fd124bfb19491e1a7da9ffba4b63cc6c4e"

[[package]]
name = "graffiti"
version = "0.1.0"
source = "git+https://github.com/bal7hazar/graffiti.git?rev=e8b0854#e8b0854798ebbcebde504ea299ed556900564ff2"

[[package]]
name = "leaderboard"
version = "0.0.0"
source = "git+https://github.com/cartridge-gg/arcade?rev=fc2e81c#fc2e81c8d4cee706bb26cb2396d941fd0657c277"
dependencies = [
 "dojo",
 "graffiti",
]

[[package]]
name = "merkledrop"
version = "0.0.0"
source = "git+https://github.com/cartridge-gg/arcade?rev=fc2e81c#fc2e81c8d4cee706bb26cb2396d941fd0657c277"
dependencies = [
 "alexandria_merkle_tree",
 "dojo",
]

[[package]]
name = "models"
version = "0.0.0"
source = "git+https://github.com/cartridge-gg/arcade?rev=fc2e81c#fc2e81c8d4cee706bb26cb2396d941fd0657c277"
dependencies = [
 "dojo",
 "registry",
]

[[package]]
name = "nums"
version = "0.1.0"
dependencies = [
 "achievement",
 "alexandria_encoding",
 "bundle",
 "collection",
 "dojo",
 "dojo_cairo_macros",
 "dojo_cairo_test",
 "ekubo",
 "graffiti",
 "leaderboard",
 "merkledrop",
 "openzeppelin",
 "quest",
 "starterpack",
]

[[package]]
name = "openzeppelin"
version = "3.0.0"
source = "registry+https://scarbs.xyz/"
checksum = "sha256:ded6f53e0b50a3583f72c556d9ca508e627d175c6f01a2f5124f2e9a052ac985"
dependencies = [
 "openzeppelin_access",
 "openzeppelin_account",
 "openzeppelin_finance",
 "openzeppelin_governance",
 "openzeppelin_interfaces",
 "openzeppelin_introspection",
 "openzeppelin_merkle_tree",
 "openzeppelin_presets",
 "openzeppelin_security",
 "openzeppelin_token",
 "openzeppelin_upgrades",
 "openzeppelin_utils",
]

[[package]]
name = "openzeppelin_access"
version = "3.0.0"
source = "registry+https://scarbs.xyz/"
checksum = "sha256:2c7fab22d2601fca4f456c81272637f2563a423652d1671383bbe3d007803977"
dependencies = [
 "openzeppelin_interfaces",
 "openzeppelin_introspection",
]

[[package]]
name = "openzeppelin_account"
version = "3.0.0"
source = "registry+https://scarbs.xyz/"
checksum = "sha256:b46f41be21fff6692d32949664d2f0dd1919c741346a676d6e0f1fe2ea576999"
dependencies = [
 "openzeppelin_interfaces",
 "openzeppelin_introspection",
 "openzeppelin_utils",
]

[[package]]
name = "openzeppelin_finance"
version = "3.0.0"
source = "registry+https://scarbs.xyz/"
checksum = "sha256:f77f4f5262666d8033f16b3a7df839ed2abb699a09ad33099c7bb6bf2807fec1"
dependencies = [
 "openzeppelin_access",
 "openzeppelin_interfaces",
 "openzeppelin_token",
]

[[package]]
name = "openzeppelin_governance"
version = "3.0.0"
source = "registry+https://scarbs.xyz/"
checksum = "sha256:b76c87f72b1481a62e3c6904a9a3da5cfc4de8b5a86a4742de30f1e2984c7e2b"
dependencies = [
 "openzeppelin_access",
 "openzeppelin_interfaces",
 "openzeppelin_introspection",
 "openzeppelin_token",
 "openzeppelin_utils",
]

[[package]]
name = "openzeppelin_interfaces"
version = "2.1.0"
source = "registry+https://scarbs.xyz/"
checksum = "sha256:f69fdb36eb894a0e0732385e723c5ff56d8cb4c1d49b29446c77eefac00b02a5"

[[package]]
name = "openzeppelin_introspection"
version = "3.0.0"
source = "registry+https://scarbs.xyz/"
checksum = "sha256:ee491981a69736cde220f8b7dd290b6d8620c85ee6b83c81f665f5bef78b62b1"
dependencies = [
 "openzeppelin_interfaces",
]

[[package]]
name = "openzeppelin_merkle_tree"
version = "3.0.0"
source = "registry+https://scarbs.xyz/"
checksum = "sha256:3417680a1f672bd6cfb54962481f6b96d72f6510be2658d17c8356709b5c950a"

[[package]]
name = "openzeppelin_presets"
version = "3.0.0"
source = "registry+https://scarbs.xyz/"
checksum = "sha256:1facc433476df1c36ecb33e3a10b6a5fb219c670c437b43696788843fbc0bc25"
dependencies = [
 "openzeppelin_access",
 "openzeppelin_account",
 "openzeppelin_finance",
 "openzeppelin_interfaces",
 "openzeppelin_introspection",
 "openzeppelin_token",
 "openzeppelin_upgrades",
 "openzeppelin_utils",
]

[[package]]
name = "openzeppelin_security"
version = "3.0.0"
source = "registry+https://scarbs.xyz/"
checksum = "sha256:470f2debae50e03f1435874bc697a0825c257edcad4d1a0cc134e40360e6aba8"
dependencies = [
 "openzeppelin_interfaces",
]

[[package]]
name = "openzeppelin_token"
version = "3.0.0"
source = "registry+https://scarbs.xyz/"
checksum = "sha256:5ce19d297251d9f11acc38a3e3e2faeb2e73b003c8de2f02c7c5d06d9161a5fc"
dependencies = [
 "openzeppelin_access",
 "openzeppelin_interfaces",
 "openzeppelin_introspection",
 "openzeppelin_utils",
]

[[package]]
name = "openzeppelin_upgrades"
version = "3.0.0"
source = "registry+https://scarbs.xyz/"
checksum = "sha256:1b148d5da1ae90a056b455e8865260423c5491a82777377abfdc68fd8e7d0675"

[[package]]
name = "openzeppelin_utils"
version = "2.1.0"
source = "registry+https://scarbs.xyz/"
checksum = "sha256:4d5504fef1c5a6d9fee6a3ae392004a4a24b4b3ccb790c5e5217da96beb73e08"
dependencies = [
 "openzeppelin_interfaces",
]

[[package]]
name = "quest"
version = "0.0.0"
source = "git+https://github.com/cartridge-gg/arcade?rev=fc2e81c#fc2e81c8d4cee706bb26cb2396d941fd0657c277"
dependencies = [
 "dojo",
 "graffiti",
]

[[package]]
name = "registry"
version = "0.0.0"
source = "git+https://github.com/cartridge-gg/arcade?rev=fc2e81c#fc2e81c8d4cee706bb26cb2396d941fd0657c277"
dependencies = [
 "collection",
 "dojo",
 "graffiti",
]

[[package]]
name = "starterpack"
version = "0.0.0"
source = "git+https://github.com/cartridge-gg/arcade?rev=fc2e81c#fc2e81c8d4cee706bb26cb2396d941fd0657c277"
dependencies = [
 "dojo",
 "graffiti",
 "models",
 "openzeppelin",
]
